Microsoft Visual Studio Solution File, Format Version 12.00
# Visual Studio 2012
Project("{FAE04EC0-301F-11D3-BF4B-00C04F79EFBC}") = "TicTacToeMine", "TicTacToeMine.csproj", "{AAABCD31-491F-46F5-A478-94C19F18FB96}"
EndProject
Global
	GlobalSection(SolutionConfigurationPlatforms) = preSolution
	Debug|Any CPU = Debug|Any CPU
	ExportDebug|Any CPU = ExportDebug|Any CPU
	ExportRelease|Any CPU = ExportRelease|Any CPU
	EndGlobalSection
	GlobalSection(ProjectConfigurationPlatforms) = postSolution
		{AAABCD31-491F-46F5-A478-94C19F18FB96}.Debug|Any CPU.ActiveCfg = Debug|Any CPU
		{AAABCD31-491F-46F5-A478-94C19F18FB96}.Debug|Any CPU.Build.0 = Debug|Any CPU
		{AAABCD31-491F-46F5-A478-94C19F18FB96}.ExportDebug|Any CPU.ActiveCfg = ExportDebug|Any CPU
		{AAABCD31-491F-46F5-A478-94C19F18FB96}.ExportDebug|Any CPU.Build.0 = ExportDebug|Any CPU
		{AAABCD31-491F-46F5-A478-94C19F18FB96}.ExportRelease|Any CPU.ActiveCfg = ExportRelease|Any CPU
		{AAABCD31-491F-46F5-A478-94C19F18FB96}.ExportRelease|Any CPU.Build.0 = ExportRelease|Any CPU
	EndGlobalSection
EndGlobal
